
Microsoft Visual Studio Solution File, Format Version 12.00
# Visual Studio Version 17
VisualStudioVersion = 17.3.32922.545
MinimumVisualStudioVersion = 10.0.40219.1
Project("{FAE04EC0-301F-11D3-BF4B-00C04F79EFBC}") = "L9_EBEAM_1200922", "L9_EBEAM_1200922.csproj", "{ECAD8CFF-44AA-40D1-B7F2-3BBC7AE0F667}"
EndProject
Global
	GlobalSection(SolutionConfigurationPlatforms) = preSolution
		Debug|Any CPU = Debug|Any CPU
		Release|Any CPU = Release|Any CPU
	EndGlobalSection
	GlobalSection(ProjectConfigurationPlatforms) = postSolution
		{ECAD8CFF-44AA-40D1-B7F2-3BBC7AE0F667}.Debug|Any CPU.ActiveCfg = Debug|Any CPU
		{ECAD8CFF-44AA-40D1-B7F2-3BBC7AE0F667}.Debug|Any CPU.Build.0 = Debug|Any CPU
		{ECAD8CFF-44AA-40D1-B7F2-3BBC7AE0F667}.Release|Any CPU.ActiveCfg = Release|Any CPU
		{ECAD8CFF-44AA-40D1-B7F2-3BBC7AE0F667}.Release|Any CPU.Build.0 = Release|Any CPU
	EndGlobalSection
	GlobalSection(SolutionProperties) = preSolution
		HideSolutionNode = FALSE
	EndGlobalSection
	GlobalSection(ExtensibilityGlobals) = postSolution
		SolutionGuid = {CD3DFEB9-CCF6-4530-804E-27BFE74FB5ED}
	EndGlobalSection
EndGlobal
